
Microsoft Visual Studio Solution File, Format Version 12.00
# Visual Studio Version 17
VisualStudioVersion = 17.13.35931.197
MinimumVisualStudioVersion = 10.0.40219.1
Project("{FAE04EC0-301F-11D3-BF4B-00C04F79EFBC}") = "ClubeDaLeitura.ConsoleApp", "ClubeDaLeitura.ConsoleApp\ClubeDaLeitura.ConsoleApp.csproj", "{6DEF25BF-039A-41F1-B8BF-7F9C9883F0D4}"
EndProject
Global
	GlobalSection(SolutionConfigurationPlatforms) = preSolution
		Debug|Any CPU = Debug|Any CPU
		Release|Any CPU = Release|Any CPU
	EndGlobalSection
	GlobalSection(ProjectConfigurationPlatforms) = postSolution
		{6DEF25BF-039A-41F1-B8BF-7F9C9883F0D4}.Debug|Any CPU.ActiveCfg = Debug|Any CPU
		{6DEF25BF-039A-41F1-B8BF-7F9C9883F0D4}.Debug|Any CPU.Build.0 = Debug|Any CPU
		{6DEF25BF-039A-41F1-B8BF-7F9C9883F0D4}.Release|Any CPU.ActiveCfg = Release|Any CPU
		{6DEF25BF-039A-41F1-B8BF-7F9C9883F0D4}.Release|Any CPU.Build.0 = Release|Any CPU
	EndGlobalSection
	GlobalSection(SolutionProperties) = preSolution
		HideSolutionNode = FALSE
	EndGlobalSection
	GlobalSection(ExtensibilityGlobals) = postSolution
		SolutionGuid = {222429BF-5F66-4EF1-A64D-003279003E21}
	EndGlobalSection
EndGlobal
